// !$*UTF8*$!
{
	archiveVersion = 1;
	classes = {
	};
	objectVersion = 54;
	objects = {

/* Begin PBXBuildFile section */
		15FEAFC32BB486ED00884713 /* angle.cpp in Sources */ = {isa = PBXBuildFile; fileRef = 15FEAFAE2BB486E600884713 /* angle.cpp */; };
		15FEAFC42BB486F400884713 /* Dragon.cpp in Sources */ = {isa = PBXBuildFile; fileRef = 15FEAFA42BB486E600884713 /* Dragon.cpp */; };
		15FEAFC52BB486F700884713 /* gps.cpp in Sources */ = {isa = PBXBuildFile; fileRef = 15FEAFC22BB486E600884713 /* gps.cpp */; };
		15FEAFC62BB486FA00884713 /* Hubble.cpp in Sources */ = {isa = PBXBuildFile; fileRef = 15FEAFBA2BB486E600884713 /* Hubble.cpp */; };
		15FEAFC72BB486FD00884713 /* object.cpp in Sources */ = {isa = PBXBuildFile; fileRef = 15FEAFA52BB486E600884713 /* object.cpp */; };
		15FEAFC82BB4870000884713 /* SourceFile.cpp in Sources */ = {isa = PBXBuildFile; fileRef = 15FEAFAA2BB486E600884713 /* SourceFile.cpp */; };
		15FEAFC92BB4870200884713 /* sputnik.cpp in Sources */ = {isa = PBXBuildFile; fileRef = 15FEAFC12BB486E600884713 /* sputnik.cpp */; };
		15FEAFCA2BB4870600884713 /* starLink.cpp in Sources */ = {isa = PBXBuildFile; fileRef = 15FEAFA22BB486E600884713 /* starLink.cpp */; };
		15FEAFCB2BB4870A00884713 /* StarShipEnterprise.cpp in Sources */ = {isa = PBXBuildFile; fileRef = 15FEAFA72BB486E600884713 /* StarShipEnterprise.cpp */; };
		15FEAFCD2BC100A700884713 /* bullet.cpp in Sources */ = {isa = PBXBuildFile; fileRef = 15FEAFCC2BC100A700884713 /* bullet.cpp */; };
		15FEAFCF2BC10BE800884713 /* DragonCenter.cpp in Sources */ = {isa = PBXBuildFile; fileRef = 15FEAFCE2BC10BE800884713 /* DragonCenter.cpp */; };
		15FEAFD12BC10DA900884713 /* DragonLeftcpp.cpp in Sources */ = {isa = PBXBuildFile; fileRef = 15FEAFD02BC10DA900884713 /* DragonLeftcpp.cpp */; };
		15FEAFD32BC10F2700884713 /* DragonRight.cpp in Sources */ = {isa = PBXBuildFile; fileRef = 15FEAFD22BC10F2700884713 /* DragonRight.cpp */; };
		15FEAFD52BC10F9400884713 /* fragment.cpp in Sources */ = {isa = PBXBuildFile; fileRef = 15FEAFD42BC10F9400884713 /* fragment.cpp */; };
		15FEAFD72BC10FF700884713 /* GPSCenter.cpp in Sources */ = {isa = PBXBuildFile; fileRef = 15FEAFD62BC10FF700884713 /* GPSCenter.cpp */; };
		15FEAFD92BC1105700884713 /* GPSLeft.cpp in Sources */ = {isa = PBXBuildFile; fileRef = 15FEAFD82BC1105700884713 /* GPSLeft.cpp */; };
		15FEAFDB2BC1111800884713 /* GPSRight.cpp in Sources */ = {isa = PBXBuildFile; fileRef = 15FEAFDA2BC1111800884713 /* GPSRight.cpp */; };
		15FEAFDD2BC1119900884713 /* HubbleComputer.cpp in Sources */ = {isa = PBXBuildFile; fileRef = 15FEAFDC2BC1119900884713 /* HubbleComputer.cpp */; };
		15FEAFDF2BC111FF00884713 /* HubbleLeft.cpp in Sources */ = {isa = PBXBuildFile; fileRef = 15FEAFDE2BC111FF00884713 /* HubbleLeft.cpp */; };
		15FEAFE12BC1125400884713 /* HubbleRight.cpp in Sources */ = {isa = PBXBuildFile; fileRef = 15FEAFE02BC1125400884713 /* HubbleRight.cpp */; };
		15FEAFE32BC112A600884713 /* HubbleTelescope.cpp in Sources */ = {isa = PBXBuildFile; fileRef = 15FEAFE22BC112A600884713 /* HubbleTelescope.cpp */; };
		15FEAFE52BC1320500884713 /* part.cpp in Sources */ = {isa = PBXBuildFile; fileRef = 15FEAFE42BC1320500884713 /* part.cpp */; };
		15FEAFE72BC132CB00884713 /* simulation.cpp in Sources */ = {isa = PBXBuildFile; fileRef = 15FEAFE62BC132CB00884713 /* simulation.cpp */; };
		15FEAFE92BC1345200884713 /* StarLinkArray.cpp in Sources */ = {isa = PBXBuildFile; fileRef = 15FEAFE82BC1345200884713 /* StarLinkArray.cpp */; };
		15FEAFEB2BC134EC00884713 /* StarLinkBody.cpp in Sources */ = {isa = PBXBuildFile; fileRef = 15FEAFEA2BC134EC00884713 /* StarLinkBody.cpp */; };
		C11C7EA425780B2100EA4B2E /* GLUT.framework in Frameworks */ = {isa = PBXBuildFile; fileRef = C11C7EA225780B2100EA4B2E /* GLUT.framework */; };
		C11C7EA525780B2100EA4B2E /* OpenGL.framework in Frameworks */ = {isa = PBXBuildFile; fileRef = C11C7EA325780B2100EA4B2E /* OpenGL.framework */; };
		C11C7EB225780B6500EA4B2E /* test.cpp in Sources */ = {isa = PBXBuildFile; fileRef = C11C7EA725780B5C00EA4B2E /* test.cpp */; };
		C11C7EB325780B6500EA4B2E /* uiInteract.cpp in Sources */ = {isa = PBXBuildFile; fileRef = C11C7EA925780B5E00EA4B2E /* uiInteract.cpp */; };
		C11C7EB525780B6500EA4B2E /* uiDraw.cpp in Sources */ = {isa = PBXBuildFile; fileRef = C11C7EAD25780B6000EA4B2E /* uiDraw.cpp */; };
		C179C6C127E375AF00E3E514 /* position.cpp in Sources */ = {isa = PBXBuildFile; fileRef = C179C6C027E375AF00E3E514 /* position.cpp */; };
/* End PBXBuildFile section */

/* Begin PBXCopyFilesBuildPhase section */
		C11C7E942578098A00EA4B2E /* CopyFiles */ = {
			isa = PBXCopyFilesBuildPhase;
			buildActionMask = 2147483647;
			dstPath = /usr/share/man/man1/;
			dstSubfolderSpec = 0;
			files = (
			);
			runOnlyForDeploymentPostprocessing = 1;
		};
/* End PBXCopyFilesBuildPhase section */

/* Begin PBXFileReference section */
		15FEAF9C2BB486E600884713 /* DragonCenter.h */ = {isa = PBXFileReference; lastKnownFileType = sourcecode.c.h; path = DragonCenter.h; sourceTree = "<group>"; };
		15FEAF9D2BB486E600884713 /* velocity.h */ = {isa = PBXFileReference; lastKnownFileType = sourcecode.c.h; path = velocity.h; sourceTree = "<group>"; };
		15FEAF9E2BB486E600884713 /* Earth.h */ = {isa = PBXFileReference; lastKnownFileType = sourcecode.c.h; path = Earth.h; sourceTree = "<group>"; };
		15FEAF9F2BB486E600884713 /* DragonRight.h */ = {isa = PBXFileReference; lastKnownFileType = sourcecode.c.h; path = DragonRight.h; sourceTree = "<group>"; };
		15FEAFA02BB486E600884713 /* DragonLeft.h */ = {isa = PBXFileReference; lastKnownFileType = sourcecode.c.h; path = DragonLeft.h; sourceTree = "<group>"; };
		15FEAFA12BB486E600884713 /* object.h */ = {isa = PBXFileReference; lastKnownFileType = sourcecode.c.h; path = object.h; sourceTree = "<group>"; };
		15FEAFA22BB486E600884713 /* starLink.cpp */ = {isa = PBXFileReference; lastKnownFileType = sourcecode.cpp.cpp; path = starLink.cpp; sourceTree = "<group>"; };
		15FEAFA32BB486E600884713 /* StarLinkBody.h */ = {isa = PBXFileReference; lastKnownFileType = sourcecode.c.h; path = StarLinkBody.h; sourceTree = "<group>"; };
		15FEAFA42BB486E600884713 /* Dragon.cpp */ = {isa = PBXFileReference; lastKnownFileType = sourcecode.cpp.cpp; path = Dragon.cpp; sourceTree = "<group>"; };
		15FEAFA52BB486E600884713 /* object.cpp */ = {isa = PBXFileReference; lastKnownFileType = sourcecode.cpp.cpp; path = object.cpp; sourceTree = "<group>"; };
		15FEAFA62BB486E600884713 /* StarLinkArray.h */ = {isa = PBXFileReference; lastKnownFileType = sourcecode.c.h; path = StarLinkArray.h; sourceTree = "<group>"; };
		15FEAFA72BB486E600884713 /* StarShipEnterprise.cpp */ = {isa = PBXFileReference; lastKnownFileType = sourcecode.cpp.cpp; path = StarShipEnterprise.cpp; sourceTree = "<group>"; };
		15FEAFA82BB486E600884713 /* HubbleLeft.h */ = {isa = PBXFileReference; lastKnownFileType = sourcecode.c.h; path = HubbleLeft.h; sourceTree = "<group>"; };
		15FEAFA92BB486E600884713 /* GPSCenter.h */ = {isa = PBXFileReference; lastKnownFileType = sourcecode.c.h; path = GPSCenter.h; sourceTree = "<group>"; };
		15FEAFAA2BB486E600884713 /* SourceFile.cpp */ = {isa = PBXFileReference; lastKnownFileType = sourcecode.cpp.cpp; path = SourceFile.cpp; sourceTree = "<group>"; };
		15FEAFAB2BB486E600884713 /* fragment.h */ = {isa = PBXFileReference; lastKnownFileType = sourcecode.c.h; path = fragment.h; sourceTree = "<group>"; };
		15FEAFAC2BB486E600884713 /* GPSRight.h */ = {isa = PBXFileReference; lastKnownFileType = sourcecode.c.h; path = GPSRight.h; sourceTree = "<group>"; };
		15FEAFAD2BB486E600884713 /* Hubble.h */ = {isa = PBXFileReference; lastKnownFileType = sourcecode.c.h; path = Hubble.h; sourceTree = "<group>"; };
		15FEAFAE2BB486E600884713 /* angle.cpp */ = {isa = PBXFileReference; lastKnownFileType = sourcecode.cpp.cpp; path = angle.cpp; sourceTree = "<group>"; };
		15FEAFAF2BB486E600884713 /* angle.h */ = {isa = PBXFileReference; lastKnownFileType = sourcecode.c.h; path = angle.h; sourceTree = "<group>"; };
		15FEAFB02BB486E600884713 /* part.h */ = {isa = PBXFileReference; lastKnownFileType = sourcecode.c.h; path = part.h; sourceTree = "<group>"; };
		15FEAFB12BB486E600884713 /* StarShipEnterprise.h */ = {isa = PBXFileReference; lastKnownFileType = sourcecode.c.h; path = StarShipEnterprise.h; sourceTree = "<group>"; };
		15FEAFB22BB486E600884713 /* HubbleTelescope.h */ = {isa = PBXFileReference; lastKnownFileType = sourcecode.c.h; path = HubbleTelescope.h; sourceTree = "<group>"; };
		15FEAFB32BB486E600884713 /* HubbleComputer.h */ = {isa = PBXFileReference; lastKnownFileType = sourcecode.c.h; path = HubbleComputer.h; sourceTree = "<group>"; };
		15FEAFB42BB486E600884713 /* config.h */ = {isa = PBXFileReference; lastKnownFileType = sourcecode.c.h; path = config.h; sourceTree = "<group>"; };
		15FEAFB52BB486E600884713 /* HubbleRight.h */ = {isa = PBXFileReference; lastKnownFileType = sourcecode.c.h; path = HubbleRight.h; sourceTree = "<group>"; };
		15FEAFB62BB486E600884713 /* starLink.h */ = {isa = PBXFileReference; lastKnownFileType = sourcecode.c.h; path = starLink.h; sourceTree = "<group>"; };
		15FEAFB72BB486E600884713 /* bullet.h */ = {isa = PBXFileReference; lastKnownFileType = sourcecode.c.h; path = bullet.h; sourceTree = "<group>"; };
		15FEAFB82BB486E600884713 /* stars.h */ = {isa = PBXFileReference; lastKnownFileType = sourcecode.c.h; path = stars.h; sourceTree = "<group>"; };
		15FEAFB92BB486E600884713 /* Dragon.h */ = {isa = PBXFileReference; lastKnownFileType = sourcecode.c.h; path = Dragon.h; sourceTree = "<group>"; };
		15FEAFBA2BB486E600884713 /* Hubble.cpp */ = {isa = PBXFileReference; lastKnownFileType = sourcecode.cpp.cpp; path = Hubble.cpp; sourceTree = "<group>"; };
		15FEAFBB2BB486E600884713 /* gps.h */ = {isa = PBXFileReference; lastKnownFileType = sourcecode.c.h; path = gps.h; sourceTree = "<group>"; };
		15FEAFBC2BB486E600884713 /* sputnik.h */ = {isa = PBXFileReference; lastKnownFileType = sourcecode.c.h; path = sputnik.h; sourceTree = "<group>"; };
		15FEAFBD2BB486E600884713 /* testObject.h */ = {isa = PBXFileReference; lastKnownFileType = sourcecode.c.h; path = testObject.h; sourceTree = "<group>"; };
		15FEAFBE2BB486E600884713 /* GPSLeft.h */ = {isa = PBXFileReference; lastKnownFileType = sourcecode.c.h; path = GPSLeft.h; sourceTree = "<group>"; };
		15FEAFBF2BB486E600884713 /* star.h */ = {isa = PBXFileReference; lastKnownFileType = sourcecode.c.h; path = star.h; sourceTree = "<group>"; };
		15FEAFC02BB486E600884713 /* simulation.h */ = {isa = PBXFileReference; lastKnownFileType = sourcecode.c.h; path = simulation.h; sourceTree = "<group>"; };
		15FEAFC12BB486E600884713 /* sputnik.cpp */ = {isa = PBXFileReference; lastKnownFileType = sourcecode.cpp.cpp; path = sputnik.cpp; sourceTree = "<group>"; };
		15FEAFC22BB486E600884713 /* gps.cpp */ = {isa = PBXFileReference; lastKnownFileType = sourcecode.cpp.cpp; path = gps.cpp; sourceTree = "<group>"; };
		15FEAFCC2BC100A700884713 /* bullet.cpp */ = {isa = PBXFileReference; lastKnownFileType = sourcecode.cpp.cpp; path = bullet.cpp; sourceTree = "<group>"; };
		15FEAFCE2BC10BE800884713 /* DragonCenter.cpp */ = {isa = PBXFileReference; lastKnownFileType = sourcecode.cpp.cpp; path = DragonCenter.cpp; sourceTree = "<group>"; };
		15FEAFD02BC10DA900884713 /* DragonLeftcpp.cpp */ = {isa = PBXFileReference; lastKnownFileType = sourcecode.cpp.cpp; path = DragonLeftcpp.cpp; sourceTree = "<group>"; };
		15FEAFD22BC10F2700884713 /* DragonRight.cpp */ = {isa = PBXFileReference; lastKnownFileType = sourcecode.cpp.cpp; path = DragonRight.cpp; sourceTree = "<group>"; };
		15FEAFD42BC10F9400884713 /* fragment.cpp */ = {isa = PBXFileReference; lastKnownFileType = sourcecode.cpp.cpp; path = fragment.cpp; sourceTree = "<group>"; };
		15FEAFD62BC10FF700884713 /* GPSCenter.cpp */ = {isa = PBXFileReference; lastKnownFileType = sourcecode.cpp.cpp; path = GPSCenter.cpp; sourceTree = "<group>"; };
		15FEAFD82BC1105700884713 /* GPSLeft.cpp */ = {isa = PBXFileReference; lastKnownFileType = sourcecode.cpp.cpp; path = GPSLeft.cpp; sourceTree = "<group>"; };
		15FEAFDA2BC1111800884713 /* GPSRight.cpp */ = {isa = PBXFileReference; lastKnownFileType = sourcecode.cpp.cpp; path = GPSRight.cpp; sourceTree = "<group>"; };
		15FEAFDC2BC1119900884713 /* HubbleComputer.cpp */ = {isa = PBXFileReference; lastKnownFileType = sourcecode.cpp.cpp; path = HubbleComputer.cpp; sourceTree = "<group>"; };
		15FEAFDE2BC111FF00884713 /* HubbleLeft.cpp */ = {isa = PBXFileReference; lastKnownFileType = sourcecode.cpp.cpp; path = HubbleLeft.cpp; sourceTree = "<group>"; };
		15FEAFE02BC1125400884713 /* HubbleRight.cpp */ = {isa = PBXFileReference; lastKnownFileType = sourcecode.cpp.cpp; path = HubbleRight.cpp; sourceTree = "<group>"; };
		15FEAFE22BC112A600884713 /* HubbleTelescope.cpp */ = {isa = PBXFileReference; lastKnownFileType = sourcecode.cpp.cpp; path = HubbleTelescope.cpp; sourceTree = "<group>"; };
		15FEAFE42BC1320500884713 /* part.cpp */ = {isa = PBXFileReference; lastKnownFileType = sourcecode.cpp.cpp; path = part.cpp; sourceTree = "<group>"; };
		15FEAFE62BC132CB00884713 /* simulation.cpp */ = {isa = PBXFileReference; lastKnownFileType = sourcecode.cpp.cpp; path = simulation.cpp; sourceTree = "<group>"; };
		15FEAFE82BC1345200884713 /* StarLinkArray.cpp */ = {isa = PBXFileReference; lastKnownFileType = sourcecode.cpp.cpp; path = StarLinkArray.cpp; sourceTree = "<group>"; };
		15FEAFEA2BC134EC00884713 /* StarLinkBody.cpp */ = {isa = PBXFileReference; lastKnownFileType = sourcecode.cpp.cpp; path = StarLinkBody.cpp; sourceTree = "<group>"; };
		C11C7E962578098A00EA4B2E /* Lab07 */ = {isa = PBXFileReference; explicitFileType = "compiled.mach-o.executable"; includeInIndex = 0; path = Lab07; sourceTree = BUILT_PRODUCTS_DIR; };
		C11C7EA225780B2100EA4B2E /* GLUT.framework */ = {isa = PBXFileReference; lastKnownFileType = wrapper.framework; name = GLUT.framework; path = System/Library/Frameworks/GLUT.framework; sourceTree = SDKROOT; };
		C11C7EA325780B2100EA4B2E /* OpenGL.framework */ = {isa = PBXFileReference; lastKnownFileType = wrapper.framework; name = OpenGL.framework; path = System/Library/Frameworks/OpenGL.framework; sourceTree = SDKROOT; };
		C11C7EA725780B5C00EA4B2E /* test.cpp */ = {isa = PBXFileReference; fileEncoding = 4; lastKnownFileType = sourcecode.cpp.cpp; path = test.cpp; sourceTree = "<group>"; };
		C11C7EA825780B5C00EA4B2E /* uiInteract.h */ = {isa = PBXFileReference; fileEncoding = 4; lastKnownFileType = sourcecode.c.h; path = uiInteract.h; sourceTree = "<group>"; };
		C11C7EA925780B5E00EA4B2E /* uiInteract.cpp */ = {isa = PBXFileReference; fileEncoding = 4; lastKnownFileType = sourcecode.cpp.cpp; path = uiInteract.cpp; sourceTree = "<group>"; };
		C11C7EAC25780B6000EA4B2E /* test.h */ = {isa = PBXFileReference; fileEncoding = 4; lastKnownFileType = sourcecode.c.h; path = test.h; sourceTree = "<group>"; };
		C11C7EAD25780B6000EA4B2E /* uiDraw.cpp */ = {isa = PBXFileReference; fileEncoding = 4; lastKnownFileType = sourcecode.cpp.cpp; path = uiDraw.cpp; sourceTree = "<group>"; };
		C11C7EAF25780B6500EA4B2E /* testPosition.h */ = {isa = PBXFileReference; fileEncoding = 4; lastKnownFileType = sourcecode.c.h; path = testPosition.h; sourceTree = "<group>"; };
		C11C7EB025780B6500EA4B2E /* uiDraw.h */ = {isa = PBXFileReference; fileEncoding = 4; lastKnownFileType = sourcecode.c.h; path = uiDraw.h; sourceTree = "<group>"; };
		C179C6C027E375AF00E3E514 /* position.cpp */ = {isa = PBXFileReference; fileEncoding = 4; lastKnownFileType = sourcecode.cpp.cpp; path = position.cpp; sourceTree = "<group>"; };
		C179C6C227E375D600E3E514 /* position.h */ = {isa = PBXFileReference; lastKnownFileType = sourcecode.c.h; path = position.h; sourceTree = "<group>"; };
/* End PBXFileReference section */

/* Begin PBXFrameworksBuildPhase section */
		C11C7E932578098A00EA4B2E /* Frameworks */ = {
			isa = PBXFrameworksBuildPhase;
			buildActionMask = 2147483647;
			files = (
				C11C7EA425780B2100EA4B2E /* GLUT.framework in Frameworks */,
				C11C7EA525780B2100EA4B2E /* OpenGL.framework in Frameworks */,
			);
			runOnlyForDeploymentPostprocessing = 0;
		};
/* End PBXFrameworksBuildPhase section */

/* Begin PBXGroup section */
		C11C7E8D2578098A00EA4B2E = {
			isa = PBXGroup;
			children = (
				15FEAFEA2BC134EC00884713 /* StarLinkBody.cpp */,
				15FEAFE82BC1345200884713 /* StarLinkArray.cpp */,
				15FEAFE62BC132CB00884713 /* simulation.cpp */,
				15FEAFE42BC1320500884713 /* part.cpp */,
				15FEAFE22BC112A600884713 /* HubbleTelescope.cpp */,
				15FEAFE02BC1125400884713 /* HubbleRight.cpp */,
				15FEAFDE2BC111FF00884713 /* HubbleLeft.cpp */,
				15FEAFDC2BC1119900884713 /* HubbleComputer.cpp */,
				15FEAFDA2BC1111800884713 /* GPSRight.cpp */,
				15FEAFD82BC1105700884713 /* GPSLeft.cpp */,
				15FEAFD62BC10FF700884713 /* GPSCenter.cpp */,
				15FEAFD42BC10F9400884713 /* fragment.cpp */,
				15FEAFD22BC10F2700884713 /* DragonRight.cpp */,
				15FEAFD02BC10DA900884713 /* DragonLeftcpp.cpp */,
				15FEAFCC2BC100A700884713 /* bullet.cpp */,
				15FEAFB72BB486E600884713 /* bullet.h */,
				15FEAFAE2BB486E600884713 /* angle.cpp */,
				15FEAFAF2BB486E600884713 /* angle.h */,
				15FEAFB42BB486E600884713 /* config.h */,
				15FEAFA42BB486E600884713 /* Dragon.cpp */,
				15FEAFB92BB486E600884713 /* Dragon.h */,
				15FEAFCE2BC10BE800884713 /* DragonCenter.cpp */,
				15FEAF9C2BB486E600884713 /* DragonCenter.h */,
				15FEAFA02BB486E600884713 /* DragonLeft.h */,
				15FEAF9F2BB486E600884713 /* DragonRight.h */,
				15FEAF9E2BB486E600884713 /* Earth.h */,
				15FEAFAB2BB486E600884713 /* fragment.h */,
				15FEAFC22BB486E600884713 /* gps.cpp */,
				15FEAFBB2BB486E600884713 /* gps.h */,
				15FEAFA92BB486E600884713 /* GPSCenter.h */,
				15FEAFBE2BB486E600884713 /* GPSLeft.h */,
				15FEAFAC2BB486E600884713 /* GPSRight.h */,
				15FEAFBA2BB486E600884713 /* Hubble.cpp */,
				15FEAFAD2BB486E600884713 /* Hubble.h */,
				15FEAFB32BB486E600884713 /* HubbleComputer.h */,
				15FEAFA82BB486E600884713 /* HubbleLeft.h */,
				15FEAFB52BB486E600884713 /* HubbleRight.h */,
				15FEAFB22BB486E600884713 /* HubbleTelescope.h */,
				15FEAFA52BB486E600884713 /* object.cpp */,
				15FEAFA12BB486E600884713 /* object.h */,
				15FEAFB02BB486E600884713 /* part.h */,
				15FEAFC02BB486E600884713 /* simulation.h */,
				15FEAFAA2BB486E600884713 /* SourceFile.cpp */,
				15FEAFC12BB486E600884713 /* sputnik.cpp */,
				15FEAFBC2BB486E600884713 /* sputnik.h */,
				15FEAFBF2BB486E600884713 /* star.h */,
				15FEAFA22BB486E600884713 /* starLink.cpp */,
				15FEAFB62BB486E600884713 /* starLink.h */,
				15FEAFA62BB486E600884713 /* StarLinkArray.h */,
				15FEAFA32BB486E600884713 /* StarLinkBody.h */,
				15FEAFB82BB486E600884713 /* stars.h */,
				15FEAFA72BB486E600884713 /* StarShipEnterprise.cpp */,
				15FEAFB12BB486E600884713 /* StarShipEnterprise.h */,
				15FEAFBD2BB486E600884713 /* testObject.h */,
				15FEAF9D2BB486E600884713 /* velocity.h */,
				C179C6C227E375D600E3E514 /* position.h */,
				C179C6C027E375AF00E3E514 /* position.cpp */,
				C11C7EA725780B5C00EA4B2E /* test.cpp */,
				C11C7EAC25780B6000EA4B2E /* test.h */,
				C11C7EAF25780B6500EA4B2E /* testPosition.h */,
				C11C7EAD25780B6000EA4B2E /* uiDraw.cpp */,
				C11C7EB025780B6500EA4B2E /* uiDraw.h */,
				C11C7EA925780B5E00EA4B2E /* uiInteract.cpp */,
				C11C7EA825780B5C00EA4B2E /* uiInteract.h */,
				C11C7E972578098A00EA4B2E /* Products */,
				C11C7EA125780B2000EA4B2E /* Frameworks */,
			);
			sourceTree = "<group>";
		};
		C11C7E972578098A00EA4B2E /* Products */ = {
			isa = PBXGroup;
			children = (
				C11C7E962578098A00EA4B2E /* Lab07 */,
			);
			name = Products;
			sourceTree = "<group>";
		};
		C11C7EA125780B2000EA4B2E /* Frameworks */ = {
			isa = PBXGroup;
			children = (
				C11C7EA225780B2100EA4B2E /* GLUT.framework */,
				C11C7EA325780B2100EA4B2E /* OpenGL.framework */,
			);
			name = Frameworks;
			sourceTree = "<group>";
		};
/* End PBXGroup section */

/* Begin PBXNativeTarget section */
		C11C7E952578098A00EA4B2E /* Lab07 */ = {
			isa = PBXNativeTarget;
			buildConfigurationList = C11C7E9D2578098A00EA4B2E /* Build configuration list for PBXNativeTarget "Lab07" */;
			buildPhases = (
				C11C7E922578098A00EA4B2E /* Sources */,
				C11C7E932578098A00EA4B2E /* Frameworks */,
				C11C7E942578098A00EA4B2E /* CopyFiles */,
			);
			buildRules = (
			);
			dependencies = (
			);
			name = Lab07;
			productName = Lab07;
			productReference = C11C7E962578098A00EA4B2E /* Lab07 */;
			productType = "com.apple.product-type.tool";
		};
/* End PBXNativeTarget section */

/* Begin PBXProject section */
		C11C7E8E2578098A00EA4B2E /* Project object */ = {
			isa = PBXProject;
			attributes = {
				BuildIndependentTargetsInParallel = YES;
				LastUpgradeCheck = 1520;
				TargetAttributes = {
					C11C7E952578098A00EA4B2E = {
						CreatedOnToolsVersion = 12.2;
					};
				};
			};
			buildConfigurationList = C11C7E912578098A00EA4B2E /* Build configuration list for PBXProject "Lab07" */;
			compatibilityVersion = "Xcode 9.3";
			developmentRegion = en;
			hasScannedForEncodings = 0;
			knownRegions = (
				en,
				Base,
			);
			mainGroup = C11C7E8D2578098A00EA4B2E;
			productRefGroup = C11C7E972578098A00EA4B2E /* Products */;
			projectDirPath = "";
			projectRoot = "";
			targets = (
				C11C7E952578098A00EA4B2E /* Lab07 */,
			);
		};
/* End PBXProject section */

/* Begin PBXSourcesBuildPhase section */
		C11C7E922578098A00EA4B2E /* Sources */ = {
			isa = PBXSourcesBuildPhase;
			buildActionMask = 2147483647;
			files = (
				C11C7EB525780B6500EA4B2E /* uiDraw.cpp in Sources */,
				15FEAFD92BC1105700884713 /* GPSLeft.cpp in Sources */,
				15FEAFC62BB486FA00884713 /* Hubble.cpp in Sources */,
				15FEAFCF2BC10BE800884713 /* DragonCenter.cpp in Sources */,
				15FEAFCB2BB4870A00884713 /* StarShipEnterprise.cpp in Sources */,
				15FEAFC52BB486F700884713 /* gps.cpp in Sources */,
				15FEAFC72BB486FD00884713 /* object.cpp in Sources */,
				15FEAFDF2BC111FF00884713 /* HubbleLeft.cpp in Sources */,
				C11C7EB225780B6500EA4B2E /* test.cpp in Sources */,
				15FEAFC92BB4870200884713 /* sputnik.cpp in Sources */,
				15FEAFCD2BC100A700884713 /* bullet.cpp in Sources */,
				C11C7EB325780B6500EA4B2E /* uiInteract.cpp in Sources */,
				C179C6C127E375AF00E3E514 /* position.cpp in Sources */,
				15FEAFDD2BC1119900884713 /* HubbleComputer.cpp in Sources */,
				15FEAFD52BC10F9400884713 /* fragment.cpp in Sources */,
				15FEAFD12BC10DA900884713 /* DragonLeftcpp.cpp in Sources */,
				15FEAFE12BC1125400884713 /* HubbleRight.cpp in Sources */,
				15FEAFE92BC1345200884713 /* StarLinkArray.cpp in Sources */,
				15FEAFE32BC112A600884713 /* HubbleTelescope.cpp in Sources */,
				15FEAFC32BB486ED00884713 /* angle.cpp in Sources */,
				15FEAFEB2BC134EC00884713 /* StarLinkBody.cpp in Sources */,
				15FEAFDB2BC1111800884713 /* GPSRight.cpp in Sources */,
				15FEAFE52BC1320500884713 /* part.cpp in Sources */,
				15FEAFD32BC10F2700884713 /* DragonRight.cpp in Sources */,
				15FEAFC42BB486F400884713 /* Dragon.cpp in Sources */,
				15FEAFE72BC132CB00884713 /* simulation.cpp in Sources */,
				15FEAFC82BB4870000884713 /* SourceFile.cpp in Sources */,
				15FEAFCA2BB4870600884713 /* starLink.cpp in Sources */,
				15FEAFD72BC10FF700884713 /* GPSCenter.cpp in Sources */,
			);
			runOnlyForDeploymentPostprocessing = 0;
		};
/* End PBXSourcesBuildPhase section */

/* Begin XCBuildConfiguration section */
		C11C7E9B2578098A00EA4B2E /* Debug */ = {
			isa = XCBuildConfiguration;
			buildSettings = {
				ALWAYS_SEARCH_USER_PATHS = NO;
				CLANG_ANALYZER_NONNULL = YES;
				CLANG_ANALYZER_NUMBER_OBJECT_CONVERSION = YES_AGGRESSIVE;
				CLANG_CXX_LANGUAGE_STANDARD = "gnu++14";
				CLANG_CXX_LIBRARY = "libc++";
				CLANG_ENABLE_MODULES = YES;
				CLANG_ENABLE_OBJC_ARC = YES;
				CLANG_ENABLE_OBJC_WEAK = YES;
				CLANG_WARN_BLOCK_CAPTURE_AUTORELEASING = YES;
				CLANG_WARN_BOOL_CONVERSION = YES;
				CLANG_WARN_COMMA = YES;
				CLANG_WARN_CONSTANT_CONVERSION = YES;
				CLANG_WARN_DEPRECATED_OBJC_IMPLEMENTATIONS = YES;
				CLANG_WARN_DIRECT_OBJC_ISA_USAGE = YES_ERROR;
				CLANG_WARN_DOCUMENTATION_COMMENTS = YES;
				CLANG_WARN_EMPTY_BODY = YES;
				CLANG_WARN_ENUM_CONVERSION = YES;
				CLANG_WARN_INFINITE_RECURSION = YES;
				CLANG_WARN_INT_CONVERSION = YES;
				CLANG_WARN_NON_LITERAL_NULL_CONVERSION = YES;
				CLANG_WARN_OBJC_IMPLICIT_RETAIN_SELF = YES;
				CLANG_WARN_OBJC_LITERAL_CONVERSION = YES;
				CLANG_WARN_OBJC_ROOT_CLASS = YES_ERROR;
				CLANG_WARN_QUOTED_INCLUDE_IN_FRAMEWORK_HEADER = YES;
				CLANG_WARN_RANGE_LOOP_ANALYSIS = YES;
				CLANG_WARN_STRICT_PROTOTYPES = YES;
				CLANG_WARN_SUSPICIOUS_MOVE = YES;
				CLANG_WARN_UNGUARDED_AVAILABILITY = YES_AGGRESSIVE;
				CLANG_WARN_UNREACHABLE_CODE = YES;
				CLANG_WARN__DUPLICATE_METHOD_MATCH = YES;
				COPY_PHASE_STRIP = NO;
				DEAD_CODE_STRIPPING = YES;
				DEBUG_INFORMATION_FORMAT = dwarf;
				ENABLE_STRICT_OBJC_MSGSEND = YES;
				ENABLE_TESTABILITY = YES;
				ENABLE_USER_SCRIPT_SANDBOXING = YES;
				GCC_C_LANGUAGE_STANDARD = gnu11;
				GCC_DYNAMIC_NO_PIC = NO;
				GCC_NO_COMMON_BLOCKS = YES;
				GCC_OPTIMIZATION_LEVEL = 0;
				GCC_PREPROCESSOR_DEFINITIONS = (
					"DEBUG=1",
					"$(inherited)",
				);
				GCC_WARN_64_TO_32_BIT_CONVERSION = YES;
				GCC_WARN_ABOUT_RETURN_TYPE = YES_ERROR;
				GCC_WARN_UNDECLARED_SELECTOR = YES;
				GCC_WARN_UNINITIALIZED_AUTOS = YES_AGGRESSIVE;
				GCC_WARN_UNUSED_FUNCTION = YES;
				GCC_WARN_UNUSED_VARIABLE = YES;
				MACOSX_DEPLOYMENT_TARGET = 11.0;
				MTL_ENABLE_DEBUG_INFO = INCLUDE_SOURCE;
				MTL_FAST_MATH = YES;
				ONLY_ACTIVE_ARCH = YES;
				SDKROOT = macosx;
			};
			name = Debug;
		};
		C11C7E9C2578098A00EA4B2E /* Release */ = {
			isa = XCBuildConfiguration;
			buildSettings = {
				ALWAYS_SEARCH_USER_PATHS = NO;
				CLANG_ANALYZER_NONNULL = YES;
				CLANG_ANALYZER_NUMBER_OBJECT_CONVERSION = YES_AGGRESSIVE;
				CLANG_CXX_LANGUAGE_STANDARD = "gnu++14";
				CLANG_CXX_LIBRARY = "libc++";
				CLANG_ENABLE_MODULES = YES;
				CLANG_ENABLE_OBJC_ARC = YES;
				CLANG_ENABLE_OBJC_WEAK = YES;
				CLANG_WARN_BLOCK_CAPTURE_AUTORELEASING = YES;
				CLANG_WARN_BOOL_CONVERSION = YES;
				CLANG_WARN_COMMA = YES;
				CLANG_WARN_CONSTANT_CONVERSION = YES;
				CLANG_WARN_DEPRECATED_OBJC_IMPLEMENTATIONS = YES;
				CLANG_WARN_DIRECT_OBJC_ISA_USAGE = YES_ERROR;
				CLANG_WARN_DOCUMENTATION_COMMENTS = YES;
				CLANG_WARN_EMPTY_BODY = YES;
				CLANG_WARN_ENUM_CONVERSION = YES;
				CLANG_WARN_INFINITE_RECURSION = YES;
				CLANG_WARN_INT_CONVERSION = YES;
				CLANG_WARN_NON_LITERAL_NULL_CONVERSION = YES;
				CLANG_WARN_OBJC_IMPLICIT_RETAIN_SELF = YES;
				CLANG_WARN_OBJC_LITERAL_CONVERSION = YES;
				CLANG_WARN_OBJC_ROOT_CLASS = YES_ERROR;
				CLANG_WARN_QUOTED_INCLUDE_IN_FRAMEWORK_HEADER = YES;
				CLANG_WARN_RANGE_LOOP_ANALYSIS = YES;
				CLANG_WARN_STRICT_PROTOTYPES = YES;
				CLANG_WARN_SUSPICIOUS_MOVE = YES;
				CLANG_WARN_UNGUARDED_AVAILABILITY = YES_AGGRESSIVE;
				CLANG_WARN_UNREACHABLE_CODE = YES;
				CLANG_WARN__DUPLICATE_METHOD_MATCH = YES;
				COPY_PHASE_STRIP = NO;
				DEAD_CODE_STRIPPING = YES;
				DEBUG_INFORMATION_FORMAT = "dwarf-with-dsym";
				ENABLE_NS_ASSERTIONS = NO;
				ENABLE_STRICT_OBJC_MSGSEND = YES;
				ENABLE_USER_SCRIPT_SANDBOXING = YES;
				GCC_C_LANGUAGE_STANDARD = gnu11;
				GCC_NO_COMMON_BLOCKS = YES;
				GCC_WARN_64_TO_32_BIT_CONVERSION = YES;
				GCC_WARN_ABOUT_RETURN_TYPE = YES_ERROR;
				GCC_WARN_UNDECLARED_SELECTOR = YES;
				GCC_WARN_UNINITIALIZED_AUTOS = YES_AGGRESSIVE;
				GCC_WARN_UNUSED_FUNCTION = YES;
				GCC_WARN_UNUSED_VARIABLE = YES;
				MACOSX_DEPLOYMENT_TARGET = 11.0;
				MTL_ENABLE_DEBUG_INFO = NO;
				MTL_FAST_MATH = YES;
				SDKROOT = macosx;
			};
			name = Release;
		};
		C11C7E9E2578098A00EA4B2E /* Debug */ = {
			isa = XCBuildConfiguration;
			buildSettings = {
				CODE_SIGN_STYLE = Automatic;
				DEAD_CODE_STRIPPING = YES;
				PRODUCT_NAME = "$(TARGET_NAME)";
			};
			name = Debug;
		};
		C11C7E9F2578098A00EA4B2E /* Release */ = {
			isa = XCBuildConfiguration;
			buildSettings = {
				CODE_SIGN_STYLE = Automatic;
				DEAD_CODE_STRIPPING = YES;
				PRODUCT_NAME = "$(TARGET_NAME)";
			};
			name = Release;
		};
/* End XCBuildConfiguration section */

/* Begin XCConfigurationList section */
		C11C7E912578098A00EA4B2E /* Build configuration list for PBXProject "Lab07" */ = {
			isa = XCConfigurationList;
			buildConfigurations = (
				C11C7E9B2578098A00EA4B2E /* Debug */,
				C11C7E9C2578098A00EA4B2E /* Release */,
			);
			defaultConfigurationIsVisible = 0;
			defaultConfigurationName = Release;
		};
		C11C7E9D2578098A00EA4B2E /* Build configuration list for PBXNativeTarget "Lab07" */ = {
			isa = XCConfigurationList;
			buildConfigurations = (
				C11C7E9E2578098A00EA4B2E /* Debug */,
				C11C7E9F2578098A00EA4B2E /* Release */,
			);
			defaultConfigurationIsVisible = 0;
			defaultConfigurationName = Release;
		};
/* End XCConfigurationList section */
	};
	rootObject = C11C7E8E2578098A00EA4B2E /* Project object */;
}
